
Microsoft Visual Studio Solution File, Format Version 12.00
# Visual Studio Version 17
VisualStudioVersion = 17.0.31912.275
MinimumVisualStudioVersion = 10.0.40219.1
Project("{8BC9CEB8-8B4A-11D0-8D11-00A0C91BC942}") = "InferenceEngine", "InferenceEngine\InferenceEngine.vcxproj", "{70CDBD87-F286-4EE0-87F1-5A1D09396CDA}"
EndProject
Project("{8BC9CEB8-8B4A-11D0-8D11-00A0C91BC942}") = "DirectXTK12", "InferenceEngine\Kits\DirectXTK12\DirectXTK_Desktop_2022_Win10.vcxproj", "{53544B1E-6DE7-4E09-AF14-B1BABE75556E}"
EndProject
Project("{2150E333-8FDC-42A3-9474-1A3956D46DE8}") = "Solution Items", "Solution Items", "{51D6113A-6CA7-400F-8BF6-31B3B1698DB4}"
	ProjectSection(SolutionItems) = preProject
		.gitignore = .gitignore
		Deploy-All.ps1 = Deploy-All.ps1
		Readme.md = Readme.md
	EndProjectSection
EndProject
Global
	GlobalSection(SolutionConfigurationPlatforms) = preSolution
		Debug|x64 = Debug|x64
		Release|x64 = Release|x64
	EndGlobalSection
	GlobalSection(ProjectConfigurationPlatforms) = postSolution
		{70CDBD87-F286-4EE0-87F1-5A1D09396CDA}.Debug|x64.ActiveCfg = Debug|x64
		{70CDBD87-F286-4EE0-87F1-5A1D09396CDA}.Debug|x64.Build.0 = Debug|x64
		{70CDBD87-F286-4EE0-87F1-5A1D09396CDA}.Release|x64.ActiveCfg = Release|x64
		{70CDBD87-F286-4EE0-87F1-5A1D09396CDA}.Release|x64.Build.0 = Release|x64
		{53544B1E-6DE7-4E09-AF14-B1BABE75556E}.Debug|x64.ActiveCfg = Debug|x64
		{53544B1E-6DE7-4E09-AF14-B1BABE75556E}.Debug|x64.Build.0 = Debug|x64
		{53544B1E-6DE7-4E09-AF14-B1BABE75556E}.Release|x64.ActiveCfg = Release|x64
		{53544B1E-6DE7-4E09-AF14-B1BABE75556E}.Release|x64.Build.0 = Release|x64
	EndGlobalSection
	GlobalSection(SolutionProperties) = preSolution
		HideSolutionNode = FALSE
	EndGlobalSection
	GlobalSection(ExtensibilityGlobals) = postSolution
		SolutionGuid = {70C9F004-E2C0-4A13-8E97-FAF5F413DEE1}
	EndGlobalSection
EndGlobal
